<?xml version="1.0" encoding="utf-8"?>
<Project ToolsVersion="4.0" xmlns="http://schemas.microsoft.com/developer/msbuild/2003">
  <ItemGroup>
    <ClCompile Include="main.cpp" />
    <ClCompile Include="Logs.cpp">
      <Filter>Source File</Filter>
    </ClCompile>
    <ClCompile Include="engine.cpp">
      <Filter>Source File</Filter>
    </ClCompile>
    <ClCompile Include="Shader_compiler.cpp">
      <Filter>Source File</Filter>
    </ClCompile>
    <ClCompile Include="Globals.cpp">
      <Filter>Source File</Filter>
    </ClCompile>
    <ClCompile Include="console.cpp">
      <Filter>Source File</Filter>
    </ClCompile>
  </ItemGroup>
  <ItemGroup>
    <Filter Include="Source File">
      <UniqueIdentifier>{9adfa62d-e9e2-4d30-a059-e7d5106bf80c}</UniqueIdentifier>
    </Filter>
    <Filter Include="Header File">
      <UniqueIdentifier>{719b3735-aab1-405a-ac28-3976e225a3f4}</UniqueIdentifier>
    </Filter>
  </ItemGroup>
  <ItemGroup>
    <ClInclude Include="Logs.h">
      <Filter>Header File</Filter>
    </ClInclude>
    <ClInclude Include="stdafx.h">
      <Filter>Header File</Filter>
    </ClInclude>
    <ClInclude Include="engine.h">
      <Filter>Header File</Filter>
    </ClInclude>
    <ClInclude Include="Shader_compiler.h">
      <Filter>Header File</Filter>
    </ClInclude>
    <ClInclude Include="Globals.h">
      <Filter>Header File</Filter>
    </ClInclude>
    <ClInclude Include="Console.h">
      <Filter>Header File</Filter>
    </ClInclude>
  </ItemGroup>
</Project>